
Microsoft Visual Studio Solution File, Format Version 12.00
# Visual Studio Version 17
VisualStudioVersion = 17.8.34511.84
MinimumVisualStudioVersion = 10.0.40219.1
Project("{FAE04EC0-301F-11D3-BF4B-00C04F79EFBC}") = "ChatCLIENT", "ChatCLIENT\ChatCLIENT.csproj", "{5554D9D0-1102-4B12-BB51-987592B4B36B}"
EndProject
Global
	GlobalSection(SolutionConfigurationPlatforms) = preSolution
		Debug|Any CPU = Debug|Any CPU
		Release|Any CPU = Release|Any CPU
	EndGlobalSection
	GlobalSection(ProjectConfigurationPlatforms) = postSolution
		{5554D9D0-1102-4B12-BB51-987592B4B36B}.Debug|Any CPU.ActiveCfg = Debug|Any CPU
		{5554D9D0-1102-4B12-BB51-987592B4B36B}.Debug|Any CPU.Build.0 = Debug|Any CPU
		{5554D9D0-1102-4B12-BB51-987592B4B36B}.Debug|Any CPU.Deploy.0 = Debug|Any CPU
		{5554D9D0-1102-4B12-BB51-987592B4B36B}.Release|Any CPU.ActiveCfg = Release|Any CPU
		{5554D9D0-1102-4B12-BB51-987592B4B36B}.Release|Any CPU.Build.0 = Release|Any CPU
		{5554D9D0-1102-4B12-BB51-987592B4B36B}.Release|Any CPU.Deploy.0 = Release|Any CPU
	EndGlobalSection
	GlobalSection(SolutionProperties) = preSolution
		HideSolutionNode = FALSE
	EndGlobalSection
	GlobalSection(ExtensibilityGlobals) = postSolution
		SolutionGuid = {402E642B-075F-4A90-B26F-3CC24274C253}
	EndGlobalSection
EndGlobal
